
Microsoft Visual Studio Solution File, Format Version 12.00
# Visual Studio Version 17
VisualStudioVersion = 17.0.32014.148
MinimumVisualStudioVersion = 10.0.40219.1
Project("{FAE04EC0-301F-11D3-BF4B-00C04F79EFBC}") = "Videocall", "Videocall\Videocall.csproj", "{01361BE3-409B-4B8C-9FDD-875827605743}"
EndProject
Project("{C7167F0D-BC9F-4E6E-AFE1-012C56B48DB5}") = "VideocallRelease", "WapProjTemplate1\VideocallRelease.wapproj", "{D0B98496-FE3C-4A0B-88DC-3706F716FBAB}"
EndProject
Global
	GlobalSection(SolutionConfigurationPlatforms) = preSolution
		Debug|Any CPU = Debug|Any CPU
		Debug|ARM = Debug|ARM
		Debug|ARM64 = Debug|ARM64
		Debug|x64 = Debug|x64
		Debug|x86 = Debug|x86
		Release|Any CPU = Release|Any CPU
		Release|ARM = Release|ARM
		Release|ARM64 = Release|ARM64
		Release|x64 = Release|x64
		Release|x86 = Release|x86
	EndGlobalSection
	GlobalSection(ProjectConfigurationPlatforms) = postSolution
		{01361BE3-409B-4B8C-9FDD-875827605743}.Debug|Any CPU.ActiveCfg = Debug|Any CPU
		{01361BE3-409B-4B8C-9FDD-875827605743}.Debug|Any CPU.Build.0 = Debug|Any CPU
		{01361BE3-409B-4B8C-9FDD-875827605743}.Debug|ARM.ActiveCfg = Debug|Any CPU
		{01361BE3-409B-4B8C-9FDD-875827605743}.Debug|ARM.Build.0 = Debug|Any CPU
		{01361BE3-409B-4B8C-9FDD-875827605743}.Debug|ARM64.ActiveCfg = Debug|Any CPU
		{01361BE3-409B-4B8C-9FDD-875827605743}.Debug|ARM64.Build.0 = Debug|Any CPU
		{01361BE3-409B-4B8C-9FDD-875827605743}.Debug|x64.ActiveCfg = Debug|Any CPU
		{01361BE3-409B-4B8C-9FDD-875827605743}.Debug|x64.Build.0 = Debug|Any CPU
		{01361BE3-409B-4B8C-9FDD-875827605743}.Debug|x86.ActiveCfg = Debug|x86
		{01361BE3-409B-4B8C-9FDD-875827605743}.Debug|x86.Build.0 = Debug|x86
		{01361BE3-409B-4B8C-9FDD-875827605743}.Release|Any CPU.ActiveCfg = Release|Any CPU
		{01361BE3-409B-4B8C-9FDD-875827605743}.Release|Any CPU.Build.0 = Release|Any CPU
		{01361BE3-409B-4B8C-9FDD-875827605743}.Release|ARM.ActiveCfg = Release|Any CPU
		{01361BE3-409B-4B8C-9FDD-875827605743}.Release|ARM.Build.0 = Release|Any CPU
		{01361BE3-409B-4B8C-9FDD-875827605743}.Release|ARM64.ActiveCfg = Release|Any CPU
		{01361BE3-409B-4B8C-9FDD-875827605743}.Release|ARM64.Build.0 = Release|Any CPU
		{01361BE3-409B-4B8C-9FDD-875827605743}.Release|x64.ActiveCfg = Release|Any CPU
		{01361BE3-409B-4B8C-9FDD-875827605743}.Release|x64.Build.0 = Release|Any CPU
		{01361BE3-409B-4B8C-9FDD-875827605743}.Release|x86.ActiveCfg = Release|x86
		{01361BE3-409B-4B8C-9FDD-875827605743}.Release|x86.Build.0 = Release|x86
		{D0B98496-FE3C-4A0B-88DC-3706F716FBAB}.Debug|Any CPU.ActiveCfg = Debug|Any CPU
		{D0B98496-FE3C-4A0B-88DC-3706F716FBAB}.Debug|Any CPU.Build.0 = Debug|Any CPU
		{D0B98496-FE3C-4A0B-88DC-3706F716FBAB}.Debug|Any CPU.Deploy.0 = Debug|Any CPU
		{D0B98496-FE3C-4A0B-88DC-3706F716FBAB}.Debug|ARM.ActiveCfg = Debug|ARM
		{D0B98496-FE3C-4A0B-88DC-3706F716FBAB}.Debug|ARM.Build.0 = Debug|ARM
		{D0B98496-FE3C-4A0B-88DC-3706F716FBAB}.Debug|ARM.Deploy.0 = Debug|ARM
		{D0B98496-FE3C-4A0B-88DC-3706F716FBAB}.Debug|ARM64.ActiveCfg = Debug|ARM64
		{D0B98496-FE3C-4A0B-88DC-3706F716FBAB}.Debug|ARM64.Build.0 = Debug|ARM64
		{D0B98496-FE3C-4A0B-88DC-3706F716FBAB}.Debug|ARM64.Deploy.0 = Debug|ARM64
		{D0B98496-FE3C-4A0B-88DC-3706F716FBAB}.Debug|x64.ActiveCfg = Debug|x64
		{D0B98496-FE3C-4A0B-88DC-3706F716FBAB}.Debug|x64.Build.0 = Debug|x64
		{D0B98496-FE3C-4A0B-88DC-3706F716FBAB}.Debug|x64.Deploy.0 = Debug|x64
		{D0B98496-FE3C-4A0B-88DC-3706F716FBAB}.Debug|x86.ActiveCfg = Debug|x86
		{D0B98496-FE3C-4A0B-88DC-3706F716FBAB}.Debug|x86.Build.0 = Debug|x86
		{D0B98496-FE3C-4A0B-88DC-3706F716FBAB}.Debug|x86.Deploy.0 = Debug|x86
		{D0B98496-FE3C-4A0B-88DC-3706F716FBAB}.Release|Any CPU.ActiveCfg = Release|Any CPU
		{D0B98496-FE3C-4A0B-88DC-3706F716FBAB}.Release|Any CPU.Build.0 = Release|Any CPU
		{D0B98496-FE3C-4A0B-88DC-3706F716FBAB}.Release|Any CPU.Deploy.0 = Release|Any CPU
		{D0B98496-FE3C-4A0B-88DC-3706F716FBAB}.Release|ARM.ActiveCfg = Release|ARM
		{D0B98496-FE3C-4A0B-88DC-3706F716FBAB}.Release|ARM.Build.0 = Release|ARM
		{D0B98496-FE3C-4A0B-88DC-3706F716FBAB}.Release|ARM.Deploy.0 = Release|ARM
		{D0B98496-FE3C-4A0B-88DC-3706F716FBAB}.Release|ARM64.ActiveCfg = Release|ARM64
		{D0B98496-FE3C-4A0B-88DC-3706F716FBAB}.Release|ARM64.Build.0 = Release|ARM64
		{D0B98496-FE3C-4A0B-88DC-3706F716FBAB}.Release|ARM64.Deploy.0 = Release|ARM64
		{D0B98496-FE3C-4A0B-88DC-3706F716FBAB}.Release|x64.ActiveCfg = Release|x64
		{D0B98496-FE3C-4A0B-88DC-3706F716FBAB}.Release|x64.Build.0 = Release|x64
		{D0B98496-FE3C-4A0B-88DC-3706F716FBAB}.Release|x64.Deploy.0 = Release|x64
		{D0B98496-FE3C-4A0B-88DC-3706F716FBAB}.Release|x86.ActiveCfg = Release|x86
		{D0B98496-FE3C-4A0B-88DC-3706F716FBAB}.Release|x86.Build.0 = Release|x86
		{D0B98496-FE3C-4A0B-88DC-3706F716FBAB}.Release|x86.Deploy.0 = Release|x86
	EndGlobalSection
	GlobalSection(SolutionProperties) = preSolution
		HideSolutionNode = FALSE
	EndGlobalSection
	GlobalSection(ExtensibilityGlobals) = postSolution
		SolutionGuid = {1B328380-F20E-4375-B143-C086E4F3677E}
	EndGlobalSection
EndGlobal
